github.com/google/btree v1.1.3 h1:CVpQJjYgC4VbzxeGVHfvZrv1ctoYCAI8vbl07Fcxlyg=
github.com/google/btree v1.1.3/go.mod h1:qOPhT0dTNdNzV6Z/lhRX0YXUafgPLFUh+gZMl761Gm4=
github.com/puzpuzpuz/xsync/v3 v3.4.0 h1:DuVBAdXuGFHv8adVXjWWZ63pJq+NRXOWVXlKDBZ+mJ4=
github.com/puzpuzpuz/xsync/v3 v3.4.0/go.mod h1:VjzYrABPabuM4KyBh1Ftq6u8nhwY5tBPKP9jpmh0nnA=
github.com/sflanaga/statticker v0.0.2 h1:XmwAPfPxllDcR4o4JkTxHl6zc/WtsVJ7UGcFI8RIJa4=
github.com/sflanaga/statticker v0.0.2/go.mod h1:3cMQrjfbntTkwTl2i9YCygvpPj3cC6I8XK0xTVJzzCY=
github.com/sflanaga/statticker v0.0.3 h1:C5A92yxCxKcU1zE4wf8sKaWEvSs9Dt0XkEJXIYnjknQ=
github.com/sflanaga/statticker v0.0.3/go.mod h1:3cMQrjfbntTkwTl2i9YCygvpPj3cC6I8XK0xTVJzzCY=
golang.org/x/sync v0.8.0 h1:3NFvSEYkUoMifnESzZl15y791HH1qU2xm6eCJU5ZPXQ=
golang.org/x/sync v0.8.0/go.mod h1:Czt+wKu1gCyEFDUtn0jG5QVvpJ6rzVqr5aXyt9drQfk=
